
Microsoft Visual Studio Solution File, Format Version 12.00
# Visual Studio 15
VisualStudioVersion = 15.0.28307.271
MinimumVisualStudioVersion = 10.0.40219.1
Project("{FAE04EC0-301F-11D3-BF4B-00C04F79EFBC}") = "GUI - 2D Graphics", "GUI - 2D Graphics\GUI - 2D Graphics.csproj", "{8DACA652-DBED-4A39-9F7E-0C6DC35B8E89}"
EndProject
Global
	GlobalSection(SolutionConfigurationPlatforms) = preSolution
		Debug|Any CPU = Debug|Any CPU
		Release|Any CPU = Release|Any CPU
	EndGlobalSection
	GlobalSection(ProjectConfigurationPlatforms) = postSolution
		{8DACA652-DBED-4A39-9F7E-0C6DC35B8E89}.Debug|Any CPU.ActiveCfg = Debug|Any CPU
		{8DACA652-DBED-4A39-9F7E-0C6DC35B8E89}.Debug|Any CPU.Build.0 = Debug|Any CPU
		{8DACA652-DBED-4A39-9F7E-0C6DC35B8E89}.Release|Any CPU.ActiveCfg = Release|Any CPU
		{8DACA652-DBED-4A39-9F7E-0C6DC35B8E89}.Release|Any CPU.Build.0 = Release|Any CPU
	EndGlobalSection
	GlobalSection(SolutionProperties) = preSolution
		HideSolutionNode = FALSE
	EndGlobalSection
	GlobalSection(ExtensibilityGlobals) = postSolution
		SolutionGuid = {BD33A9CB-9305-4821-91AB-007C6287E0D0}
	EndGlobalSection
EndGlobal
